
Microsoft Visual Studio Solution File, Format Version 12.00
# Visual Studio 15
VisualStudioVersion = 15.0.25807.0
MinimumVisualStudioVersion = 10.0.40219.1
Project("{2150E333-8FDC-42A3-9474-1A3956D46DE8}") = "Engine", "Engine", "{060679E0-9C6B-4B1E-84B7-2753AFED78D7}"
EndProject
Project("{2150E333-8FDC-42A3-9474-1A3956D46DE8}") = "Games", "Games", "{4BC440D5-6FC9-4DC7-970B-88FE17BFC648}"
EndProject
Project("{8BC9CEB8-8B4A-11D0-8D11-00A0C91BC942}") = "UE4", "Intermediate\ProjectFiles\UE4.vcxproj", "{2E46AFD6-BCBF-4A2F-B1D3-042503183A2E}"
EndProject
Project("{8BC9CEB8-8B4A-11D0-8D11-00A0C91BC942}") = "OeipUE4", "Intermediate\ProjectFiles\OeipUE4.vcxproj", "{AE5673CE-A0B8-4181-859C-271551D1E8DD}"
EndProject
Global
	GlobalSection(SolutionConfigurationPlatforms) = preSolution
		DebugGame Editor|Android = DebugGame Editor|Android
		DebugGame Editor|HTML5 = DebugGame Editor|HTML5
		DebugGame Editor|Win32 = DebugGame Editor|Win32
		DebugGame Editor|Win64 = DebugGame Editor|Win64
		DebugGame|Android = DebugGame|Android
		DebugGame|HTML5 = DebugGame|HTML5
		DebugGame|Win32 = DebugGame|Win32
		DebugGame|Win64 = DebugGame|Win64
		Development Editor|Android = Development Editor|Android
		Development Editor|HTML5 = Development Editor|HTML5
		Development Editor|Win32 = Development Editor|Win32
		Development Editor|Win64 = Development Editor|Win64
		Development|Android = Development|Android
		Development|HTML5 = Development|HTML5
		Development|Win32 = Development|Win32
		Development|Win64 = Development|Win64
		Shipping|Android = Shipping|Android
		Shipping|HTML5 = Shipping|HTML5
		Shipping|Win32 = Shipping|Win32
		Shipping|Win64 = Shipping|Win64
	EndGlobalSection
	GlobalSection(ProjectConfigurationPlatforms) = postSolution
		{2E46AFD6-BCBF-4A2F-B1D3-042503183A2E}.DebugGame Editor|Android.ActiveCfg = BuiltWithUnrealBuildTool|Win32
		{2E46AFD6-BCBF-4A2F-B1D3-042503183A2E}.DebugGame Editor|Android.Build.0 = BuiltWithUnrealBuildTool|Win32
		{2E46AFD6-BCBF-4A2F-B1D3-042503183A2E}.DebugGame Editor|HTML5.ActiveCfg = BuiltWithUnrealBuildTool|Win32
		{2E46AFD6-BCBF-4A2F-B1D3-042503183A2E}.DebugGame Editor|HTML5.Build.0 = BuiltWithUnrealBuildTool|Win32
		{2E46AFD6-BCBF-4A2F-B1D3-042503183A2E}.DebugGame Editor|Win32.ActiveCfg = BuiltWithUnrealBuildTool|Win32
		{2E46AFD6-BCBF-4A2F-B1D3-042503183A2E}.DebugGame Editor|Win32.Build.0 = BuiltWithUnrealBuildTool|Win32
		{2E46AFD6-BCBF-4A2F-B1D3-042503183A2E}.DebugGame Editor|Win64.ActiveCfg = BuiltWithUnrealBuildTool|Win32
		{2E46AFD6-BCBF-4A2F-B1D3-042503183A2E}.DebugGame Editor|Win64.Build.0 = BuiltWithUnrealBuildTool|Win32
		{2E46AFD6-BCBF-4A2F-B1D3-042503183A2E}.DebugGame|Android.ActiveCfg = BuiltWithUnrealBuildTool|Win32
		{2E46AFD6-BCBF-4A2F-B1D3-042503183A2E}.DebugGame|Android.Build.0 = BuiltWithUnrealBuildTool|Win32
		{2E46AFD6-BCBF-4A2F-B1D3-042503183A2E}.DebugGame|HTML5.ActiveCfg = BuiltWithUnrealBuildTool|Win32
		{2E46AFD6-BCBF-4A2F-B1D3-042503183A2E}.DebugGame|HTML5.Build.0 = BuiltWithUnrealBuildTool|Win32
		{2E46AFD6-BCBF-4A2F-B1D3-042503183A2E}.DebugGame|Win32.ActiveCfg = BuiltWithUnrealBuildTool|Win32
		{2E46AFD6-BCBF-4A2F-B1D3-042503183A2E}.DebugGame|Win32.Build.0 = BuiltWithUnrealBuildTool|Win32
		{2E46AFD6-BCBF-4A2F-B1D3-042503183A2E}.DebugGame|Win64.ActiveCfg = BuiltWithUnrealBuildTool|Win32
		{2E46AFD6-BCBF-4A2F-B1D3-042503183A2E}.DebugGame|Win64.Build.0 = BuiltWithUnrealBuildTool|Win32
		{2E46AFD6-BCBF-4A2F-B1D3-042503183A2E}.Development Editor|Android.ActiveCfg = BuiltWithUnrealBuildTool|Win32
		{2E46AFD6-BCBF-4A2F-B1D3-042503183A2E}.Development Editor|Android.Build.0 = BuiltWithUnrealBuildTool|Win32
		{2E46AFD6-BCBF-4A2F-B1D3-042503183A2E}.Development Editor|HTML5.ActiveCfg = BuiltWithUnrealBuildTool|Win32
		{2E46AFD6-BCBF-4A2F-B1D3-042503183A2E}.Development Editor|HTML5.Build.0 = BuiltWithUnrealBuildTool|Win32
		{2E46AFD6-BCBF-4A2F-B1D3-042503183A2E}.Development Editor|Win32.ActiveCfg = BuiltWithUnrealBuildTool|Win32
		{2E46AFD6-BCBF-4A2F-B1D3-042503183A2E}.Development Editor|Win32.Build.0 = BuiltWithUnrealBuildTool|Win32
		{2E46AFD6-BCBF-4A2F-B1D3-042503183A2E}.Development Editor|Win64.ActiveCfg = BuiltWithUnrealBuildTool|Win32
		{2E46AFD6-BCBF-4A2F-B1D3-042503183A2E}.Development Editor|Win64.Build.0 = BuiltWithUnrealBuildTool|Win32
		{2E46AFD6-BCBF-4A2F-B1D3-042503183A2E}.Development|Android.ActiveCfg = BuiltWithUnrealBuildTool|Win32
		{2E46AFD6-BCBF-4A2F-B1D3-042503183A2E}.Development|Android.Build.0 = BuiltWithUnrealBuildTool|Win32
		{2E46AFD6-BCBF-4A2F-B1D3-042503183A2E}.Development|HTML5.ActiveCfg = BuiltWithUnrealBuildTool|Win32
		{2E46AFD6-BCBF-4A2F-B1D3-042503183A2E}.Development|HTML5.Build.0 = BuiltWithUnrealBuildTool|Win32
		{2E46AFD6-BCBF-4A2F-B1D3-042503183A2E}.Development|Win32.ActiveCfg = BuiltWithUnrealBuildTool|Win32
		{2E46AFD6-BCBF-4A2F-B1D3-042503183A2E}.Development|Win32.Build.0 = BuiltWithUnrealBuildTool|Win32
		{2E46AFD6-BCBF-4A2F-B1D3-042503183A2E}.Development|Win64.ActiveCfg = BuiltWithUnrealBuildTool|Win32
		{2E46AFD6-BCBF-4A2F-B1D3-042503183A2E}.Development|Win64.Build.0 = BuiltWithUnrealBuildTool|Win32
		{2E46AFD6-BCBF-4A2F-B1D3-042503183A2E}.Shipping|Android.ActiveCfg = BuiltWithUnrealBuildTool|Win32
		{2E46AFD6-BCBF-4A2F-B1D3-042503183A2E}.Shipping|Android.Build.0 = BuiltWithUnrealBuildTool|Win32
		{2E46AFD6-BCBF-4A2F-B1D3-042503183A2E}.Shipping|HTML5.ActiveCfg = BuiltWithUnrealBuildTool|Win32
		{2E46AFD6-BCBF-4A2F-B1D3-042503183A2E}.Shipping|HTML5.Build.0 = BuiltWithUnrealBuildTool|Win32
		{2E46AFD6-BCBF-4A2F-B1D3-042503183A2E}.Shipping|Win32.ActiveCfg = BuiltWithUnrealBuildTool|Win32
		{2E46AFD6-BCBF-4A2F-B1D3-042503183A2E}.Shipping|Win32.Build.0 = BuiltWithUnrealBuildTool|Win32
		{2E46AFD6-BCBF-4A2F-B1D3-042503183A2E}.Shipping|Win64.ActiveCfg = BuiltWithUnrealBuildTool|Win32
		{2E46AFD6-BCBF-4A2F-B1D3-042503183A2E}.Shipping|Win64.Build.0 = BuiltWithUnrealBuildTool|Win32
		{AE5673CE-A0B8-4181-859C-271551D1E8DD}.DebugGame Editor|Android.ActiveCfg = Android_DebugGame_Editor|Win32
		{AE5673CE-A0B8-4181-859C-271551D1E8DD}.DebugGame Editor|HTML5.ActiveCfg = HTML5_DebugGame_Editor|Win32
		{AE5673CE-A0B8-4181-859C-271551D1E8DD}.DebugGame Editor|Win32.ActiveCfg = DebugGame_Editor|Win32
		{AE5673CE-A0B8-4181-859C-271551D1E8DD}.DebugGame Editor|Win64.ActiveCfg = DebugGame_Editor|x64
		{AE5673CE-A0B8-4181-859C-271551D1E8DD}.DebugGame Editor|Win64.Build.0 = DebugGame_Editor|x64
		{AE5673CE-A0B8-4181-859C-271551D1E8DD}.DebugGame|Android.ActiveCfg = Android_DebugGame_Game|Win32
		{AE5673CE-A0B8-4181-859C-271551D1E8DD}.DebugGame|Android.Build.0 = Android_DebugGame_Game|Win32
		{AE5673CE-A0B8-4181-859C-271551D1E8DD}.DebugGame|HTML5.ActiveCfg = HTML5_DebugGame_Game|Win32
		{AE5673CE-A0B8-4181-859C-271551D1E8DD}.DebugGame|HTML5.Build.0 = HTML5_DebugGame_Game|Win32
		{AE5673CE-A0B8-4181-859C-271551D1E8DD}.DebugGame|Win32.ActiveCfg = DebugGame_Game|Win32
		{AE5673CE-A0B8-4181-859C-271551D1E8DD}.DebugGame|Win32.Build.0 = DebugGame_Game|Win32
		{AE5673CE-A0B8-4181-859C-271551D1E8DD}.DebugGame|Win64.ActiveCfg = DebugGame_Game|x64
		{AE5673CE-A0B8-4181-859C-271551D1E8DD}.DebugGame|Win64.Build.0 = DebugGame_Game|x64
		{AE5673CE-A0B8-4181-859C-271551D1E8DD}.Development Editor|Android.ActiveCfg = Android_Development_Editor|Win32
		{AE5673CE-A0B8-4181-859C-271551D1E8DD}.Development Editor|HTML5.ActiveCfg = HTML5_Development_Editor|Win32
		{AE5673CE-A0B8-4181-859C-271551D1E8DD}.Development Editor|Win32.ActiveCfg = Development_Editor|Win32
		{AE5673CE-A0B8-4181-859C-271551D1E8DD}.Development Editor|Win64.ActiveCfg = Development_Editor|x64
		{AE5673CE-A0B8-4181-859C-271551D1E8DD}.Development Editor|Win64.Build.0 = Development_Editor|x64
		{AE5673CE-A0B8-4181-859C-271551D1E8DD}.Development|Android.ActiveCfg = Android_Development_Game|Win32
		{AE5673CE-A0B8-4181-859C-271551D1E8DD}.Development|Android.Build.0 = Android_Development_Game|Win32
		{AE5673CE-A0B8-4181-859C-271551D1E8DD}.Development|HTML5.ActiveCfg = HTML5_Development_Game|Win32
		{AE5673CE-A0B8-4181-859C-271551D1E8DD}.Development|HTML5.Build.0 = HTML5_Development_Game|Win32
		{AE5673CE-A0B8-4181-859C-271551D1E8DD}.Development|Win32.ActiveCfg = Development_Game|Win32
		{AE5673CE-A0B8-4181-859C-271551D1E8DD}.Development|Win32.Build.0 = Development_Game|Win32
		{AE5673CE-A0B8-4181-859C-271551D1E8DD}.Development|Win64.ActiveCfg = Development_Game|x64
		{AE5673CE-A0B8-4181-859C-271551D1E8DD}.Development|Win64.Build.0 = Development_Game|x64
		{AE5673CE-A0B8-4181-859C-271551D1E8DD}.Shipping|Android.ActiveCfg = Android_Shipping_Game|Win32
		{AE5673CE-A0B8-4181-859C-271551D1E8DD}.Shipping|Android.Build.0 = Android_Shipping_Game|Win32
		{AE5673CE-A0B8-4181-859C-271551D1E8DD}.Shipping|HTML5.ActiveCfg = HTML5_Shipping_Game|Win32
		{AE5673CE-A0B8-4181-859C-271551D1E8DD}.Shipping|HTML5.Build.0 = HTML5_Shipping_Game|Win32
		{AE5673CE-A0B8-4181-859C-271551D1E8DD}.Shipping|Win32.ActiveCfg = Shipping_Game|Win32
		{AE5673CE-A0B8-4181-859C-271551D1E8DD}.Shipping|Win32.Build.0 = Shipping_Game|Win32
		{AE5673CE-A0B8-4181-859C-271551D1E8DD}.Shipping|Win64.ActiveCfg = Shipping_Game|x64
		{AE5673CE-A0B8-4181-859C-271551D1E8DD}.Shipping|Win64.Build.0 = Shipping_Game|x64
	EndGlobalSection
	GlobalSection(SolutionProperties) = preSolution
		HideSolutionNode = FALSE
	EndGlobalSection
	GlobalSection(NestedProjects) = preSolution
		{2E46AFD6-BCBF-4A2F-B1D3-042503183A2E} = {060679E0-9C6B-4B1E-84B7-2753AFED78D7}
		{AE5673CE-A0B8-4181-859C-271551D1E8DD} = {4BC440D5-6FC9-4DC7-970B-88FE17BFC648}
	EndGlobalSection
	GlobalSection(ExtensibilityGlobals) = postSolution
		SolutionGuid = {DAE5843C-3FC7-4E2C-A8B3-62A8D6B8DBEB}
	EndGlobalSection
EndGlobal
