
Microsoft Visual Studio Solution File, Format Version 12.00
# Visual Studio 15
VisualStudioVersion = 15.0.25807.0
MinimumVisualStudioVersion = 10.0.40219.1
Project("{2150E333-8FDC-42A3-9474-1A3956D46DE8}") = "Engine", "Engine", "{6E48EFB5-5BC6-4E82-A281-4586E587E1F3}"
EndProject
Project("{2150E333-8FDC-42A3-9474-1A3956D46DE8}") = "Games", "Games", "{4ABCADA1-278B-4982-A38F-234EF26045C6}"
EndProject
Project("{8BC9CEB8-8B4A-11D0-8D11-00A0C91BC942}") = "UE4", "Intermediate\ProjectFiles\UE4.vcxproj", "{FF73738B-B329-4FD8-B8AB-3734815F037D}"
EndProject
Project("{8BC9CEB8-8B4A-11D0-8D11-00A0C91BC942}") = "OeipUE4", "Intermediate\ProjectFiles\OeipUE4.vcxproj", "{6F1B254F-3895-47C9-B889-EE252D89CF7B}"
EndProject
Global
	GlobalSection(SolutionConfigurationPlatforms) = preSolution
		DebugGame Editor|Android = DebugGame Editor|Android
		DebugGame Editor|HTML5 = DebugGame Editor|HTML5
		DebugGame Editor|Win32 = DebugGame Editor|Win32
		DebugGame Editor|Win64 = DebugGame Editor|Win64
		DebugGame|Android = DebugGame|Android
		DebugGame|HTML5 = DebugGame|HTML5
		DebugGame|Win32 = DebugGame|Win32
		DebugGame|Win64 = DebugGame|Win64
		Development Editor|Android = Development Editor|Android
		Development Editor|HTML5 = Development Editor|HTML5
		Development Editor|Win32 = Development Editor|Win32
		Development Editor|Win64 = Development Editor|Win64
		Development|Android = Development|Android
		Development|HTML5 = Development|HTML5
		Development|Win32 = Development|Win32
		Development|Win64 = Development|Win64
		Shipping|Android = Shipping|Android
		Shipping|HTML5 = Shipping|HTML5
		Shipping|Win32 = Shipping|Win32
		Shipping|Win64 = Shipping|Win64
	EndGlobalSection
	GlobalSection(ProjectConfigurationPlatforms) = postSolution
		{FF73738B-B329-4FD8-B8AB-3734815F037D}.DebugGame Editor|Android.ActiveCfg = BuiltWithUnrealBuildTool|Win32
		{FF73738B-B329-4FD8-B8AB-3734815F037D}.DebugGame Editor|Android.Build.0 = BuiltWithUnrealBuildTool|Win32
		{FF73738B-B329-4FD8-B8AB-3734815F037D}.DebugGame Editor|HTML5.ActiveCfg = BuiltWithUnrealBuildTool|Win32
		{FF73738B-B329-4FD8-B8AB-3734815F037D}.DebugGame Editor|HTML5.Build.0 = BuiltWithUnrealBuildTool|Win32
		{FF73738B-B329-4FD8-B8AB-3734815F037D}.DebugGame Editor|Win32.ActiveCfg = BuiltWithUnrealBuildTool|Win32
		{FF73738B-B329-4FD8-B8AB-3734815F037D}.DebugGame Editor|Win32.Build.0 = BuiltWithUnrealBuildTool|Win32
		{FF73738B-B329-4FD8-B8AB-3734815F037D}.DebugGame Editor|Win64.ActiveCfg = BuiltWithUnrealBuildTool|Win32
		{FF73738B-B329-4FD8-B8AB-3734815F037D}.DebugGame Editor|Win64.Build.0 = BuiltWithUnrealBuildTool|Win32
		{FF73738B-B329-4FD8-B8AB-3734815F037D}.DebugGame|Android.ActiveCfg = BuiltWithUnrealBuildTool|Win32
		{FF73738B-B329-4FD8-B8AB-3734815F037D}.DebugGame|Android.Build.0 = BuiltWithUnrealBuildTool|Win32
		{FF73738B-B329-4FD8-B8AB-3734815F037D}.DebugGame|HTML5.ActiveCfg = BuiltWithUnrealBuildTool|Win32
		{FF73738B-B329-4FD8-B8AB-3734815F037D}.DebugGame|HTML5.Build.0 = BuiltWithUnrealBuildTool|Win32
		{FF73738B-B329-4FD8-B8AB-3734815F037D}.DebugGame|Win32.ActiveCfg = BuiltWithUnrealBuildTool|Win32
		{FF73738B-B329-4FD8-B8AB-3734815F037D}.DebugGame|Win32.Build.0 = BuiltWithUnrealBuildTool|Win32
		{FF73738B-B329-4FD8-B8AB-3734815F037D}.DebugGame|Win64.ActiveCfg = BuiltWithUnrealBuildTool|Win32
		{FF73738B-B329-4FD8-B8AB-3734815F037D}.DebugGame|Win64.Build.0 = BuiltWithUnrealBuildTool|Win32
		{FF73738B-B329-4FD8-B8AB-3734815F037D}.Development Editor|Android.ActiveCfg = BuiltWithUnrealBuildTool|Win32
		{FF73738B-B329-4FD8-B8AB-3734815F037D}.Development Editor|Android.Build.0 = BuiltWithUnrealBuildTool|Win32
		{FF73738B-B329-4FD8-B8AB-3734815F037D}.Development Editor|HTML5.ActiveCfg = BuiltWithUnrealBuildTool|Win32
		{FF73738B-B329-4FD8-B8AB-3734815F037D}.Development Editor|HTML5.Build.0 = BuiltWithUnrealBuildTool|Win32
		{FF73738B-B329-4FD8-B8AB-3734815F037D}.Development Editor|Win32.ActiveCfg = BuiltWithUnrealBuildTool|Win32
		{FF73738B-B329-4FD8-B8AB-3734815F037D}.Development Editor|Win32.Build.0 = BuiltWithUnrealBuildTool|Win32
		{FF73738B-B329-4FD8-B8AB-3734815F037D}.Development Editor|Win64.ActiveCfg = BuiltWithUnrealBuildTool|Win32
		{FF73738B-B329-4FD8-B8AB-3734815F037D}.Development Editor|Win64.Build.0 = BuiltWithUnrealBuildTool|Win32
		{FF73738B-B329-4FD8-B8AB-3734815F037D}.Development|Android.ActiveCfg = BuiltWithUnrealBuildTool|Win32
		{FF73738B-B329-4FD8-B8AB-3734815F037D}.Development|Android.Build.0 = BuiltWithUnrealBuildTool|Win32
		{FF73738B-B329-4FD8-B8AB-3734815F037D}.Development|HTML5.ActiveCfg = BuiltWithUnrealBuildTool|Win32
		{FF73738B-B329-4FD8-B8AB-3734815F037D}.Development|HTML5.Build.0 = BuiltWithUnrealBuildTool|Win32
		{FF73738B-B329-4FD8-B8AB-3734815F037D}.Development|Win32.ActiveCfg = BuiltWithUnrealBuildTool|Win32
		{FF73738B-B329-4FD8-B8AB-3734815F037D}.Development|Win32.Build.0 = BuiltWithUnrealBuildTool|Win32
		{FF73738B-B329-4FD8-B8AB-3734815F037D}.Development|Win64.ActiveCfg = BuiltWithUnrealBuildTool|Win32
		{FF73738B-B329-4FD8-B8AB-3734815F037D}.Development|Win64.Build.0 = BuiltWithUnrealBuildTool|Win32
		{FF73738B-B329-4FD8-B8AB-3734815F037D}.Shipping|Android.ActiveCfg = BuiltWithUnrealBuildTool|Win32
		{FF73738B-B329-4FD8-B8AB-3734815F037D}.Shipping|Android.Build.0 = BuiltWithUnrealBuildTool|Win32
		{FF73738B-B329-4FD8-B8AB-3734815F037D}.Shipping|HTML5.ActiveCfg = BuiltWithUnrealBuildTool|Win32
		{FF73738B-B329-4FD8-B8AB-3734815F037D}.Shipping|HTML5.Build.0 = BuiltWithUnrealBuildTool|Win32
		{FF73738B-B329-4FD8-B8AB-3734815F037D}.Shipping|Win32.ActiveCfg = BuiltWithUnrealBuildTool|Win32
		{FF73738B-B329-4FD8-B8AB-3734815F037D}.Shipping|Win32.Build.0 = BuiltWithUnrealBuildTool|Win32
		{FF73738B-B329-4FD8-B8AB-3734815F037D}.Shipping|Win64.ActiveCfg = BuiltWithUnrealBuildTool|Win32
		{FF73738B-B329-4FD8-B8AB-3734815F037D}.Shipping|Win64.Build.0 = BuiltWithUnrealBuildTool|Win32
		{6F1B254F-3895-47C9-B889-EE252D89CF7B}.DebugGame Editor|Android.ActiveCfg = HTML5_Shipping_Game|x64
		{6F1B254F-3895-47C9-B889-EE252D89CF7B}.DebugGame Editor|Android.Build.0 = HTML5_Shipping_Game|x64
		{6F1B254F-3895-47C9-B889-EE252D89CF7B}.DebugGame Editor|HTML5.ActiveCfg = HTML5_DebugGame_Editor|Win32
		{6F1B254F-3895-47C9-B889-EE252D89CF7B}.DebugGame Editor|Win32.ActiveCfg = DebugGame_Editor|Win32
		{6F1B254F-3895-47C9-B889-EE252D89CF7B}.DebugGame Editor|Win64.ActiveCfg = DebugGame_Editor|x64
		{6F1B254F-3895-47C9-B889-EE252D89CF7B}.DebugGame Editor|Win64.Build.0 = DebugGame_Editor|x64
		{6F1B254F-3895-47C9-B889-EE252D89CF7B}.DebugGame|Android.ActiveCfg = HTML5_Shipping_Game|x64
		{6F1B254F-3895-47C9-B889-EE252D89CF7B}.DebugGame|Android.Build.0 = HTML5_Shipping_Game|x64
		{6F1B254F-3895-47C9-B889-EE252D89CF7B}.DebugGame|HTML5.ActiveCfg = HTML5_DebugGame_Game|Win32
		{6F1B254F-3895-47C9-B889-EE252D89CF7B}.DebugGame|HTML5.Build.0 = HTML5_DebugGame_Game|Win32
		{6F1B254F-3895-47C9-B889-EE252D89CF7B}.DebugGame|Win32.ActiveCfg = DebugGame_Game|Win32
		{6F1B254F-3895-47C9-B889-EE252D89CF7B}.DebugGame|Win32.Build.0 = DebugGame_Game|Win32
		{6F1B254F-3895-47C9-B889-EE252D89CF7B}.DebugGame|Win64.ActiveCfg = DebugGame_Game|x64
		{6F1B254F-3895-47C9-B889-EE252D89CF7B}.DebugGame|Win64.Build.0 = DebugGame_Game|x64
		{6F1B254F-3895-47C9-B889-EE252D89CF7B}.Development Editor|Android.ActiveCfg = HTML5_Shipping_Game|x64
		{6F1B254F-3895-47C9-B889-EE252D89CF7B}.Development Editor|Android.Build.0 = HTML5_Shipping_Game|x64
		{6F1B254F-3895-47C9-B889-EE252D89CF7B}.Development Editor|HTML5.ActiveCfg = HTML5_Development_Editor|Win32
		{6F1B254F-3895-47C9-B889-EE252D89CF7B}.Development Editor|Win32.ActiveCfg = Development_Editor|Win32
		{6F1B254F-3895-47C9-B889-EE252D89CF7B}.Development Editor|Win64.ActiveCfg = Development_Editor|x64
		{6F1B254F-3895-47C9-B889-EE252D89CF7B}.Development Editor|Win64.Build.0 = Development_Editor|x64
		{6F1B254F-3895-47C9-B889-EE252D89CF7B}.Development|Android.ActiveCfg = HTML5_Shipping_Game|x64
		{6F1B254F-3895-47C9-B889-EE252D89CF7B}.Development|Android.Build.0 = HTML5_Shipping_Game|x64
		{6F1B254F-3895-47C9-B889-EE252D89CF7B}.Development|HTML5.ActiveCfg = HTML5_Development_Game|Win32
		{6F1B254F-3895-47C9-B889-EE252D89CF7B}.Development|HTML5.Build.0 = HTML5_Development_Game|Win32
		{6F1B254F-3895-47C9-B889-EE252D89CF7B}.Development|Win32.ActiveCfg = Development_Game|Win32
		{6F1B254F-3895-47C9-B889-EE252D89CF7B}.Development|Win32.Build.0 = Development_Game|Win32
		{6F1B254F-3895-47C9-B889-EE252D89CF7B}.Development|Win64.ActiveCfg = Development_Game|x64
		{6F1B254F-3895-47C9-B889-EE252D89CF7B}.Development|Win64.Build.0 = Development_Game|x64
		{6F1B254F-3895-47C9-B889-EE252D89CF7B}.Shipping|Android.ActiveCfg = HTML5_Shipping_Game|x64
		{6F1B254F-3895-47C9-B889-EE252D89CF7B}.Shipping|Android.Build.0 = HTML5_Shipping_Game|x64
		{6F1B254F-3895-47C9-B889-EE252D89CF7B}.Shipping|HTML5.ActiveCfg = HTML5_Shipping_Game|Win32
		{6F1B254F-3895-47C9-B889-EE252D89CF7B}.Shipping|HTML5.Build.0 = HTML5_Shipping_Game|Win32
		{6F1B254F-3895-47C9-B889-EE252D89CF7B}.Shipping|Win32.ActiveCfg = Shipping_Game|Win32
		{6F1B254F-3895-47C9-B889-EE252D89CF7B}.Shipping|Win32.Build.0 = Shipping_Game|Win32
		{6F1B254F-3895-47C9-B889-EE252D89CF7B}.Shipping|Win64.ActiveCfg = Shipping_Game|x64
		{6F1B254F-3895-47C9-B889-EE252D89CF7B}.Shipping|Win64.Build.0 = Shipping_Game|x64
	EndGlobalSection
	GlobalSection(SolutionProperties) = preSolution
		HideSolutionNode = FALSE
	EndGlobalSection
	GlobalSection(NestedProjects) = preSolution
		{FF73738B-B329-4FD8-B8AB-3734815F037D} = {6E48EFB5-5BC6-4E82-A281-4586E587E1F3}
		{6F1B254F-3895-47C9-B889-EE252D89CF7B} = {4ABCADA1-278B-4982-A38F-234EF26045C6}
	EndGlobalSection
	GlobalSection(ExtensibilityGlobals) = postSolution
		SolutionGuid = {D480DCFA-5433-4D20-9375-DD1B74CE9635}
	EndGlobalSection
EndGlobal
