
Microsoft Visual Studio Solution File, Format Version 12.00
# Visual Studio Version 16
VisualStudioVersion = 16.0.29403.142
MinimumVisualStudioVersion = 10.0.40219.1
Project("{8BC9CEB8-8B4A-11D0-8D11-00A0C91BC942}") = "oeip", "oeip\oeip.vcxproj", "{EF8D1BB3-FD0B-4A99-8619-B2060E9F2B50}"
EndProject
Project("{8BC9CEB8-8B4A-11D0-8D11-00A0C91BC942}") = "oeip-win-dx11", "oeip-win-dx11\oeip-win-dx11.vcxproj", "{6CB53ACA-D057-4328-A3CC-DC319BDC49D8}"
EndProject
Project("{8BC9CEB8-8B4A-11D0-8D11-00A0C91BC942}") = "oeip-win", "oeip-win\oeip-win.vcxproj", "{10EAED99-A1A9-434F-A8EE-D40E6AAE62E1}"
EndProject
Project("{8BC9CEB8-8B4A-11D0-8D11-00A0C91BC942}") = "oeip-win-mf", "oeip-win-mf\oeip-win-mf.vcxproj", "{0AE24C9E-4F61-4B43-BE8A-8AE9D0229D06}"
EndProject
Project("{2150E333-8FDC-42A3-9474-1A3956D46DE8}") = "test", "test", "{29179A03-D660-4523-8B96-92577B700A55}"
	ProjectSection(SolutionItems) = preProject
		README.md = README.md
	EndProjectSection
EndProject
Project("{8BC9CEB8-8B4A-11D0-8D11-00A0C91BC942}") = "oeip-test", "oeip-test\oeip-test.vcxproj", "{9FC86192-B1DE-4ABA-AE98-6E89C14F6870}"
EndProject
Project("{8BC9CEB8-8B4A-11D0-8D11-00A0C91BC942}") = "oeip-dx11-test", "oeip-dx11-test\oeip-dx11-test.vcxproj", "{4C52BAC4-828A-4F58-9FCA-12793D0EABF3}"
EndProject
Project("{8BC9CEB8-8B4A-11D0-8D11-00A0C91BC942}") = "oeip-win-cuda", "oeip-win-cuda\oeip-win-cuda.vcxproj", "{B4BF595D-9FE7-45FE-8D67-60C18EC2F927}"
EndProject
Project("{8BC9CEB8-8B4A-11D0-8D11-00A0C91BC942}") = "darknet", "darknet\darknet.vcxproj", "{5B5545F2-0725-4C9A-B6B2-CC819AE94272}"
EndProject
Project("{8BC9CEB8-8B4A-11D0-8D11-00A0C91BC942}") = "oeip-ffmpeg", "oeip-ffmpeg\oeip-ffmpeg.vcxproj", "{5B0CD88E-DE8F-46F3-974C-3FB93651144D}"
EndProject
Project("{2150E333-8FDC-42A3-9474-1A3956D46DE8}") = "ffmpeg", "ffmpeg", "{F0BB015D-4F06-44EB-8F48-76B7D3C3790F}"
EndProject
Project("{FAE04EC0-301F-11D3-BF4B-00C04F79EFBC}") = "OeipCommon", "OeipCommon\OeipCommon.csproj", "{09EEDB66-7F6A-4488-B522-6FD4EDAB0E22}"
EndProject
Project("{2150E333-8FDC-42A3-9474-1A3956D46DE8}") = "csharpdll", "csharpdll", "{6B2F8F05-8DE0-4F4C-8306-FF2269B40020}"
EndProject
Project("{FAE04EC0-301F-11D3-BF4B-00C04F79EFBC}") = "OeipWrapper", "OeipWrapper\OeipWrapper.csproj", "{E276DCDB-DB6F-42C6-A6BE-6FC460EBB9A9}"
EndProject
Project("{2150E333-8FDC-42A3-9474-1A3956D46DE8}") = "live", "live", "{4030139F-CFA2-478D-8EDC-7E83C3C2443B}"
EndProject
Project("{2150E333-8FDC-42A3-9474-1A3956D46DE8}") = "win", "win", "{65310FD3-F10E-4D01-9821-FFD7A17AFA67}"
EndProject
Project("{2150E333-8FDC-42A3-9474-1A3956D46DE8}") = "signalR", "signalR", "{C8CD6E95-63FC-4741-BDA4-248C76E56775}"
EndProject
Global
	GlobalSection(SolutionConfigurationPlatforms) = preSolution
		Debug|Any CPU = Debug|Any CPU
		Debug|x64 = Debug|x64
		Debug|x86 = Debug|x86
		Release|Any CPU = Release|Any CPU
		Release|x64 = Release|x64
		Release|x86 = Release|x86
	EndGlobalSection
	GlobalSection(ProjectConfigurationPlatforms) = postSolution
		{EF8D1BB3-FD0B-4A99-8619-B2060E9F2B50}.Debug|Any CPU.ActiveCfg = Debug|Win32
		{EF8D1BB3-FD0B-4A99-8619-B2060E9F2B50}.Debug|x64.ActiveCfg = Debug|x64
		{EF8D1BB3-FD0B-4A99-8619-B2060E9F2B50}.Debug|x64.Build.0 = Debug|x64
		{EF8D1BB3-FD0B-4A99-8619-B2060E9F2B50}.Debug|x86.ActiveCfg = Debug|Win32
		{EF8D1BB3-FD0B-4A99-8619-B2060E9F2B50}.Debug|x86.Build.0 = Debug|Win32
		{EF8D1BB3-FD0B-4A99-8619-B2060E9F2B50}.Release|Any CPU.ActiveCfg = Release|Win32
		{EF8D1BB3-FD0B-4A99-8619-B2060E9F2B50}.Release|x64.ActiveCfg = Release|x64
		{EF8D1BB3-FD0B-4A99-8619-B2060E9F2B50}.Release|x64.Build.0 = Release|x64
		{EF8D1BB3-FD0B-4A99-8619-B2060E9F2B50}.Release|x86.ActiveCfg = Release|Win32
		{EF8D1BB3-FD0B-4A99-8619-B2060E9F2B50}.Release|x86.Build.0 = Release|Win32
		{6CB53ACA-D057-4328-A3CC-DC319BDC49D8}.Debug|Any CPU.ActiveCfg = Debug|Win32
		{6CB53ACA-D057-4328-A3CC-DC319BDC49D8}.Debug|x64.ActiveCfg = Debug|x64
		{6CB53ACA-D057-4328-A3CC-DC319BDC49D8}.Debug|x64.Build.0 = Debug|x64
		{6CB53ACA-D057-4328-A3CC-DC319BDC49D8}.Debug|x86.ActiveCfg = Debug|Win32
		{6CB53ACA-D057-4328-A3CC-DC319BDC49D8}.Debug|x86.Build.0 = Debug|Win32
		{6CB53ACA-D057-4328-A3CC-DC319BDC49D8}.Release|Any CPU.ActiveCfg = Release|Win32
		{6CB53ACA-D057-4328-A3CC-DC319BDC49D8}.Release|x64.ActiveCfg = Release|x64
		{6CB53ACA-D057-4328-A3CC-DC319BDC49D8}.Release|x64.Build.0 = Release|x64
		{6CB53ACA-D057-4328-A3CC-DC319BDC49D8}.Release|x86.ActiveCfg = Release|Win32
		{6CB53ACA-D057-4328-A3CC-DC319BDC49D8}.Release|x86.Build.0 = Release|Win32
		{10EAED99-A1A9-434F-A8EE-D40E6AAE62E1}.Debug|Any CPU.ActiveCfg = Debug|Win32
		{10EAED99-A1A9-434F-A8EE-D40E6AAE62E1}.Debug|x64.ActiveCfg = Debug|x64
		{10EAED99-A1A9-434F-A8EE-D40E6AAE62E1}.Debug|x64.Build.0 = Debug|x64
		{10EAED99-A1A9-434F-A8EE-D40E6AAE62E1}.Debug|x86.ActiveCfg = Debug|Win32
		{10EAED99-A1A9-434F-A8EE-D40E6AAE62E1}.Debug|x86.Build.0 = Debug|Win32
		{10EAED99-A1A9-434F-A8EE-D40E6AAE62E1}.Release|Any CPU.ActiveCfg = Release|Win32
		{10EAED99-A1A9-434F-A8EE-D40E6AAE62E1}.Release|x64.ActiveCfg = Release|x64
		{10EAED99-A1A9-434F-A8EE-D40E6AAE62E1}.Release|x64.Build.0 = Release|x64
		{10EAED99-A1A9-434F-A8EE-D40E6AAE62E1}.Release|x86.ActiveCfg = Release|Win32
		{10EAED99-A1A9-434F-A8EE-D40E6AAE62E1}.Release|x86.Build.0 = Release|Win32
		{0AE24C9E-4F61-4B43-BE8A-8AE9D0229D06}.Debug|Any CPU.ActiveCfg = Debug|Win32
		{0AE24C9E-4F61-4B43-BE8A-8AE9D0229D06}.Debug|x64.ActiveCfg = Debug|x64
		{0AE24C9E-4F61-4B43-BE8A-8AE9D0229D06}.Debug|x64.Build.0 = Debug|x64
		{0AE24C9E-4F61-4B43-BE8A-8AE9D0229D06}.Debug|x86.ActiveCfg = Debug|Win32
		{0AE24C9E-4F61-4B43-BE8A-8AE9D0229D06}.Debug|x86.Build.0 = Debug|Win32
		{0AE24C9E-4F61-4B43-BE8A-8AE9D0229D06}.Release|Any CPU.ActiveCfg = Release|Win32
		{0AE24C9E-4F61-4B43-BE8A-8AE9D0229D06}.Release|x64.ActiveCfg = Release|x64
		{0AE24C9E-4F61-4B43-BE8A-8AE9D0229D06}.Release|x64.Build.0 = Release|x64
		{0AE24C9E-4F61-4B43-BE8A-8AE9D0229D06}.Release|x86.ActiveCfg = Release|Win32
		{0AE24C9E-4F61-4B43-BE8A-8AE9D0229D06}.Release|x86.Build.0 = Release|Win32
		{9FC86192-B1DE-4ABA-AE98-6E89C14F6870}.Debug|Any CPU.ActiveCfg = Debug|Win32
		{9FC86192-B1DE-4ABA-AE98-6E89C14F6870}.Debug|x64.ActiveCfg = Debug|x64
		{9FC86192-B1DE-4ABA-AE98-6E89C14F6870}.Debug|x64.Build.0 = Debug|x64
		{9FC86192-B1DE-4ABA-AE98-6E89C14F6870}.Debug|x86.ActiveCfg = Debug|Win32
		{9FC86192-B1DE-4ABA-AE98-6E89C14F6870}.Debug|x86.Build.0 = Debug|Win32
		{9FC86192-B1DE-4ABA-AE98-6E89C14F6870}.Release|Any CPU.ActiveCfg = Release|Win32
		{9FC86192-B1DE-4ABA-AE98-6E89C14F6870}.Release|x64.ActiveCfg = Release|x64
		{9FC86192-B1DE-4ABA-AE98-6E89C14F6870}.Release|x64.Build.0 = Release|x64
		{9FC86192-B1DE-4ABA-AE98-6E89C14F6870}.Release|x86.ActiveCfg = Release|Win32
		{9FC86192-B1DE-4ABA-AE98-6E89C14F6870}.Release|x86.Build.0 = Release|Win32
		{4C52BAC4-828A-4F58-9FCA-12793D0EABF3}.Debug|Any CPU.ActiveCfg = Debug|Win32
		{4C52BAC4-828A-4F58-9FCA-12793D0EABF3}.Debug|x64.ActiveCfg = Debug|x64
		{4C52BAC4-828A-4F58-9FCA-12793D0EABF3}.Debug|x64.Build.0 = Debug|x64
		{4C52BAC4-828A-4F58-9FCA-12793D0EABF3}.Debug|x86.ActiveCfg = Debug|Win32
		{4C52BAC4-828A-4F58-9FCA-12793D0EABF3}.Debug|x86.Build.0 = Debug|Win32
		{4C52BAC4-828A-4F58-9FCA-12793D0EABF3}.Release|Any CPU.ActiveCfg = Release|Win32
		{4C52BAC4-828A-4F58-9FCA-12793D0EABF3}.Release|x64.ActiveCfg = Release|x64
		{4C52BAC4-828A-4F58-9FCA-12793D0EABF3}.Release|x64.Build.0 = Release|x64
		{4C52BAC4-828A-4F58-9FCA-12793D0EABF3}.Release|x86.ActiveCfg = Release|Win32
		{4C52BAC4-828A-4F58-9FCA-12793D0EABF3}.Release|x86.Build.0 = Release|Win32
		{B4BF595D-9FE7-45FE-8D67-60C18EC2F927}.Debug|Any CPU.ActiveCfg = Debug|x64
		{B4BF595D-9FE7-45FE-8D67-60C18EC2F927}.Debug|x64.ActiveCfg = Debug|x64
		{B4BF595D-9FE7-45FE-8D67-60C18EC2F927}.Debug|x64.Build.0 = Debug|x64
		{B4BF595D-9FE7-45FE-8D67-60C18EC2F927}.Debug|x86.ActiveCfg = Debug|x64
		{B4BF595D-9FE7-45FE-8D67-60C18EC2F927}.Release|Any CPU.ActiveCfg = Release|x64
		{B4BF595D-9FE7-45FE-8D67-60C18EC2F927}.Release|x64.ActiveCfg = Release|x64
		{B4BF595D-9FE7-45FE-8D67-60C18EC2F927}.Release|x64.Build.0 = Release|x64
		{B4BF595D-9FE7-45FE-8D67-60C18EC2F927}.Release|x86.ActiveCfg = Release|x64
		{5B5545F2-0725-4C9A-B6B2-CC819AE94272}.Debug|Any CPU.ActiveCfg = Debug|x64
		{5B5545F2-0725-4C9A-B6B2-CC819AE94272}.Debug|x64.ActiveCfg = Debug|x64
		{5B5545F2-0725-4C9A-B6B2-CC819AE94272}.Debug|x64.Build.0 = Debug|x64
		{5B5545F2-0725-4C9A-B6B2-CC819AE94272}.Debug|x86.ActiveCfg = Debug|x64
		{5B5545F2-0725-4C9A-B6B2-CC819AE94272}.Release|Any CPU.ActiveCfg = Release|x64
		{5B5545F2-0725-4C9A-B6B2-CC819AE94272}.Release|x64.ActiveCfg = Release|x64
		{5B5545F2-0725-4C9A-B6B2-CC819AE94272}.Release|x64.Build.0 = Release|x64
		{5B5545F2-0725-4C9A-B6B2-CC819AE94272}.Release|x86.ActiveCfg = Release|x64
		{5B0CD88E-DE8F-46F3-974C-3FB93651144D}.Debug|Any CPU.ActiveCfg = Debug|Win32
		{5B0CD88E-DE8F-46F3-974C-3FB93651144D}.Debug|x64.ActiveCfg = Debug|x64
		{5B0CD88E-DE8F-46F3-974C-3FB93651144D}.Debug|x64.Build.0 = Debug|x64
		{5B0CD88E-DE8F-46F3-974C-3FB93651144D}.Debug|x86.ActiveCfg = Debug|Win32
		{5B0CD88E-DE8F-46F3-974C-3FB93651144D}.Debug|x86.Build.0 = Debug|Win32
		{5B0CD88E-DE8F-46F3-974C-3FB93651144D}.Release|Any CPU.ActiveCfg = Release|Win32
		{5B0CD88E-DE8F-46F3-974C-3FB93651144D}.Release|x64.ActiveCfg = Release|x64
		{5B0CD88E-DE8F-46F3-974C-3FB93651144D}.Release|x64.Build.0 = Release|x64
		{5B0CD88E-DE8F-46F3-974C-3FB93651144D}.Release|x86.ActiveCfg = Release|Win32
		{5B0CD88E-DE8F-46F3-974C-3FB93651144D}.Release|x86.Build.0 = Release|Win32
		{09EEDB66-7F6A-4488-B522-6FD4EDAB0E22}.Debug|Any CPU.ActiveCfg = Debug|Any CPU
		{09EEDB66-7F6A-4488-B522-6FD4EDAB0E22}.Debug|Any CPU.Build.0 = Debug|Any CPU
		{09EEDB66-7F6A-4488-B522-6FD4EDAB0E22}.Debug|x64.ActiveCfg = Debug|Any CPU
		{09EEDB66-7F6A-4488-B522-6FD4EDAB0E22}.Debug|x64.Build.0 = Debug|Any CPU
		{09EEDB66-7F6A-4488-B522-6FD4EDAB0E22}.Debug|x86.ActiveCfg = Debug|Any CPU
		{09EEDB66-7F6A-4488-B522-6FD4EDAB0E22}.Debug|x86.Build.0 = Debug|Any CPU
		{09EEDB66-7F6A-4488-B522-6FD4EDAB0E22}.Release|Any CPU.ActiveCfg = Release|Any CPU
		{09EEDB66-7F6A-4488-B522-6FD4EDAB0E22}.Release|Any CPU.Build.0 = Release|Any CPU
		{09EEDB66-7F6A-4488-B522-6FD4EDAB0E22}.Release|x64.ActiveCfg = Release|Any CPU
		{09EEDB66-7F6A-4488-B522-6FD4EDAB0E22}.Release|x64.Build.0 = Release|Any CPU
		{09EEDB66-7F6A-4488-B522-6FD4EDAB0E22}.Release|x86.ActiveCfg = Release|Any CPU
		{09EEDB66-7F6A-4488-B522-6FD4EDAB0E22}.Release|x86.Build.0 = Release|Any CPU
		{E276DCDB-DB6F-42C6-A6BE-6FC460EBB9A9}.Debug|Any CPU.ActiveCfg = Debug|Any CPU
		{E276DCDB-DB6F-42C6-A6BE-6FC460EBB9A9}.Debug|Any CPU.Build.0 = Debug|Any CPU
		{E276DCDB-DB6F-42C6-A6BE-6FC460EBB9A9}.Debug|x64.ActiveCfg = Debug|Any CPU
		{E276DCDB-DB6F-42C6-A6BE-6FC460EBB9A9}.Debug|x64.Build.0 = Debug|Any CPU
		{E276DCDB-DB6F-42C6-A6BE-6FC460EBB9A9}.Debug|x86.ActiveCfg = Debug|Any CPU
		{E276DCDB-DB6F-42C6-A6BE-6FC460EBB9A9}.Debug|x86.Build.0 = Debug|Any CPU
		{E276DCDB-DB6F-42C6-A6BE-6FC460EBB9A9}.Release|Any CPU.ActiveCfg = Release|Any CPU
		{E276DCDB-DB6F-42C6-A6BE-6FC460EBB9A9}.Release|Any CPU.Build.0 = Release|Any CPU
		{E276DCDB-DB6F-42C6-A6BE-6FC460EBB9A9}.Release|x64.ActiveCfg = Release|Any CPU
		{E276DCDB-DB6F-42C6-A6BE-6FC460EBB9A9}.Release|x64.Build.0 = Release|Any CPU
		{E276DCDB-DB6F-42C6-A6BE-6FC460EBB9A9}.Release|x86.ActiveCfg = Release|Any CPU
		{E276DCDB-DB6F-42C6-A6BE-6FC460EBB9A9}.Release|x86.Build.0 = Release|Any CPU
	EndGlobalSection
	GlobalSection(SolutionProperties) = preSolution
		HideSolutionNode = FALSE
	EndGlobalSection
	GlobalSection(NestedProjects) = preSolution
		{6CB53ACA-D057-4328-A3CC-DC319BDC49D8} = {65310FD3-F10E-4D01-9821-FFD7A17AFA67}
		{10EAED99-A1A9-434F-A8EE-D40E6AAE62E1} = {65310FD3-F10E-4D01-9821-FFD7A17AFA67}
		{0AE24C9E-4F61-4B43-BE8A-8AE9D0229D06} = {65310FD3-F10E-4D01-9821-FFD7A17AFA67}
		{9FC86192-B1DE-4ABA-AE98-6E89C14F6870} = {29179A03-D660-4523-8B96-92577B700A55}
		{4C52BAC4-828A-4F58-9FCA-12793D0EABF3} = {29179A03-D660-4523-8B96-92577B700A55}
		{B4BF595D-9FE7-45FE-8D67-60C18EC2F927} = {65310FD3-F10E-4D01-9821-FFD7A17AFA67}
		{5B0CD88E-DE8F-46F3-974C-3FB93651144D} = {F0BB015D-4F06-44EB-8F48-76B7D3C3790F}
		{09EEDB66-7F6A-4488-B522-6FD4EDAB0E22} = {6B2F8F05-8DE0-4F4C-8306-FF2269B40020}
		{E276DCDB-DB6F-42C6-A6BE-6FC460EBB9A9} = {6B2F8F05-8DE0-4F4C-8306-FF2269B40020}
		{C8CD6E95-63FC-4741-BDA4-248C76E56775} = {4030139F-CFA2-478D-8EDC-7E83C3C2443B}
	EndGlobalSection
	GlobalSection(ExtensibilityGlobals) = postSolution
		SolutionGuid = {5E521F32-50C1-42EF-96A4-5466E45A171B}
	EndGlobalSection
EndGlobal
