<?xml version="1.0" encoding="utf-8"?>
<Project ToolsVersion="4.0" xmlns="http://schemas.microsoft.com/developer/msbuild/2003">
  <ItemGroup>
    <Filter Include="源文件">
      <UniqueIdentifier>{4FC737F1-C7A5-4376-A066-2A32D752A2FF}</UniqueIdentifier>
      <Extensions>cpp;c;cc;cxx;def;odl;idl;hpj;bat;asm;asmx</Extensions>
    </Filter>
    <Filter Include="头文件">
      <UniqueIdentifier>{93995380-89BD-4b04-88EB-625FBE52EBFB}</UniqueIdentifier>
      <Extensions>h;hh;hpp;hxx;hm;inl;inc;ipp;xsd</Extensions>
    </Filter>
    <Filter Include="资源文件">
      <UniqueIdentifier>{67DA6AB6-F800-4c08-8B7A-83BB121AAD01}</UniqueIdentifier>
      <Extensions>rc;ico;cur;bmp;dlg;rc2;rct;bin;rgs;gif;jpg;jpeg;jpe;resx;tiff;tif;png;wav;mfcribbon-ms</Extensions>
    </Filter>
    <Filter Include="audio">
      <UniqueIdentifier>{4e38704c-7b0e-4261-ba76-67b87d9698d9}</UniqueIdentifier>
    </Filter>
    <Filter Include="video">
      <UniqueIdentifier>{849fe1fe-5d36-4131-ba16-479adbfeb305}</UniqueIdentifier>
    </Filter>
  </ItemGroup>
  <ItemGroup>
    <ClCompile Include="FormatReader.cpp">
      <Filter>源文件</Filter>
    </ClCompile>
    <ClCompile Include="MediaStruct.cpp">
      <Filter>源文件</Filter>
    </ClCompile>
    <ClCompile Include="AudioRecordWin.cpp">
      <Filter>audio</Filter>
    </ClCompile>
    <ClCompile Include="MFCaptureDevice.cpp">
      <Filter>video</Filter>
    </ClCompile>
    <ClCompile Include="MFVideoManager.cpp">
      <Filter>video</Filter>
    </ClCompile>
    <ClCompile Include="ReaderCallback.cpp">
      <Filter>video</Filter>
    </ClCompile>
    <ClCompile Include="VideoCaptureDevice.cpp">
      <Filter>video</Filter>
    </ClCompile>
  </ItemGroup>
  <ItemGroup>
    <ClInclude Include="FormatReader.h">
      <Filter>头文件</Filter>
    </ClInclude>
    <ClInclude Include="MediaStruct.h">
      <Filter>头文件</Filter>
    </ClInclude>
    <ClInclude Include="AudioRecordWin.h">
      <Filter>audio</Filter>
    </ClInclude>
    <ClInclude Include="VideoCaptureDevice.h">
      <Filter>video</Filter>
    </ClInclude>
    <ClInclude Include="ReaderCallback.h">
      <Filter>video</Filter>
    </ClInclude>
    <ClInclude Include="MFVideoManager.h">
      <Filter>video</Filter>
    </ClInclude>
    <ClInclude Include="MFCaptureDevice.h">
      <Filter>video</Filter>
    </ClInclude>
  </ItemGroup>
</Project>